{
    "_meta": {
        "hash": {
            "sha256": "094314cccc48aec3a903723f87f2698c1c8026a64fa17b2688c0b514bd518bf7"
        },
        "pipfile-spec": 6,
        "requires": {
            "python_version": "3.13"
        },
        "sources": [
            {
                "name": "pypi",
                "url": "https://pypi.org/simple",
                "verify_ssl": true
            }
        ]
    },
    "default": {
        "evdev": {
            "hashes": [
                "sha256:5d3278892ce1f92a74d6bf888cc8525d9f68af85dbe336c95d1c87fb8f423069"
            ],
            "markers": "python_version >= '3.8'",
            "version": "==1.9.2"
        },
        "pynput": {
            "hashes": [
                "sha256:42dfcf27404459ca16ca889c8fb8ffe42a9fe54f722fd1a3e130728e59e768d2",
                "sha256:70d7c8373ee98911004a7c938742242840a5628c004573d84ba849d4601df81e"
            ],
            "index": "pypi",
            "version": "==1.8.1"
        },
        "python-xlib": {
            "hashes": [
                "sha256:55af7906a2c75ce6cb280a584776080602444f75815a7aff4d287bb2d7018b32",
                "sha256:c3534038d42e0df2f1392a1b30a15a4ff5fdc2b86cfa94f072bf11b10a164398"
            ],
            "markers": "'linux' in sys_platform",
            "version": "==0.33"
        },
        "six": {
            "hashes": [
                "sha256:4721f391ed90541fddacab5acf947aa0d3dc7d27b2e1e8eda2be8970586c3274",
                "sha256:ff70335d468e7eb6ec65b95b99d3a2836546063f63acc5171de367e834932a81"
            ],
            "markers": "python_version >= '2.7' and python_version not in '3.0, 3.1, 3.2'",
            "version": "==1.17.0"
        }
    },
    "develop": {}
}
